// !$*UTF8*$!
{
	archiveVersion = 1;
	classes = {
	};
	objectVersion = 77;
	objects = {

/* Begin PBXContainerItemProxy section */
		BB00000000000000000000AB /* PBXContainerItemProxy */ = {
			isa = PBXContainerItemProxy;
			containerPortal = A75F69E42FCB512800A27436 /* Project object */;
			proxyType = 1;
			remoteGlobalIDString = A75F69EB2FCB512800A27436;
			remoteInfo = PawSanctuary;
		};
/* End PBXContainerItemProxy section */

/* Begin PBXFileReference section */
		A75F69EC2FCB512800A27436 /* PawSanctuary.app */ = {isa = PBXFileReference; explicitFileType = wrapper.application; includeInIndex = 0; path = PawSanctuary.app; sourceTree = BUILT_PRODUCTS_DIR; };
		BB00000000000000000000A1 /* PawSanctuaryTests.xctest */ = {isa = PBXFileReference; explicitFileType = wrapper.cfbundle; includeInIndex = 0; path = PawSanctuaryTests.xctest; sourceTree = BUILT_PRODUCTS_DIR; };
/* End PBXFileReference section */

/* Begin PBXFileSystemSynchronizedRootGroup section */
		A75F69EE2FCB512800A27436 /* PawSanctuary */ = {
			isa = PBXFileSystemSynchronizedRootGroup;
			path = PawSanctuary;
			sourceTree = "<group>";
		};
		BB00000000000000000000A2 /* PawSanctuaryTests */ = {
			isa = PBXFileSystemSynchronizedRootGroup;
			path = PawSanctuaryTests;
			sourceTree = "<group>";
		};
/* End PBXFileSystemSynchronizedRootGroup section */

/* Begin PBXFrameworksBuildPhase section */
		A75F69E92FCB512800A27436 /* Frameworks */ = {
			isa = PBXFrameworksBuildPhase;
			buildActionMask = 2147483647;
			files = (
			);
			runOnlyForDeploymentPostprocessing = 0;
		};
		BB00000000000000000000A4 /* Frameworks */ = {
			isa = PBXFrameworksBuildPhase;
			buildActionMask = 2147483647;
			files = (
			);
			runOnlyForDeploymentPostprocessing = 0;
		};
/* End PBXFrameworksBuildPhase section */

/* Begin PBXGroup section */
		A75F69E32FCB512800A27436 = {
			isa = PBXGroup;
			children = (
				A75F69EE2FCB512800A27436 /* PawSanctuary */,
				BB00000000000000000000A2 /* PawSanctuaryTests */,
				A75F69ED2FCB512800A27436 /* Products */,
			);
			sourceTree = "<group>";
		};
		A75F69ED2FCB512800A27436 /* Products */ = {
			isa = PBXGroup;
			children = (
				A75F69EC2FCB512800A27436 /* PawSanctuary.app */,
				BB00000000000000000000A1 /* PawSanctuaryTests.xctest */,
			);
			name = Products;
			sourceTree = "<group>";
		};
/* End PBXGroup section */

/* Begin PBXNativeTarget section */
		A75F69EB2FCB512800A27436 /* PawSanctuary */ = {
			isa = PBXNativeTarget;
			buildConfigurationList = A75F69F72FCB512A00A27436 /* Build configuration list for PBXNativeTarget "PawSanctuary" */;
			buildPhases = (
				A75F69E82FCB512800A27436 /* Sources */,
				A75F69E92FCB512800A27436 /* Frameworks */,
				A75F69EA2FCB512800A27436 /* Resources */,
			);
			buildRules = (
			);
			dependencies = (
			);
			fileSystemSynchronizedGroups = (
				A75F69EE2FCB512800A27436 /* PawSanctuary */,
			);
			name = PawSanctuary;
			packageProductDependencies = (
			);
			productName = PawSanctuary;
			productReference = A75F69EC2FCB512800A27436 /* PawSanctuary.app */;
			productType = "com.apple.product-type.application";
		};
		BB00000000000000000000A6 /* PawSanctuaryTests */ = {
			isa = PBXNativeTarget;
			buildConfigurationList = BB00000000000000000000A7 /* Build configuration list for PBXNativeTarget "PawSanctuaryTests" */;
			buildPhases = (
				BB00000000000000000000A3 /* Sources */,
				BB00000000000000000000A4 /* Frameworks */,
				BB00000000000000000000A5 /* Resources */,
			);
			buildRules = (
			);
			dependencies = (
				BB00000000000000000000AA /* PBXTargetDependency */,
			);
			fileSystemSynchronizedGroups = (
				BB00000000000000000000A2 /* PawSanctuaryTests */,
			);
			name = PawSanctuaryTests;
			packageProductDependencies = (
			);
			productName = PawSanctuaryTests;
			productReference = BB00000000000000000000A1 /* PawSanctuaryTests.xctest */;
			productType = "com.apple.product-type.bundle.unit-test";
		};
/* End PBXNativeTarget section */

/* Begin PBXProject section */
		A75F69E42FCB512800A27436 /* Project object */ = {
			isa = PBXProject;
			attributes = {
				BuildIndependentTargetsInParallel = 1;
				LastSwiftUpdateCheck = 2630;
				LastUpgradeCheck = 2660;
				TargetAttributes = {
					A75F69EB2FCB512800A27436 = {
						CreatedOnToolsVersion = 26.3;
						LastSwiftMigration = 2630;
					};
					BB00000000000000000000A6 = {
						CreatedOnToolsVersion = 26.3;
						TestTargetID = A75F69EB2FCB512800A27436;
					};
				};
			};
			buildConfigurationList = A75F69E72FCB512800A27436 /* Build configuration list for PBXProject "PawSanctuary" */;
			developmentRegion = en;
			hasScannedForEncodings = 0;
			knownRegions = (
				en,
				Base,
			);
			mainGroup = A75F69E32FCB512800A27436;
			minimizedProjectReferenceProxies = 1;
			preferredProjectObjectVersion = 77;
			productRefGroup = A75F69ED2FCB512800A27436 /* Products */;
			projectDirPath = "";
			projectRoot = "";
			targets = (
				A75F69EB2FCB512800A27436 /* PawSanctuary */,
				BB00000000000000000000A6 /* PawSanctuaryTests */,
			);
		};
/* End PBXProject section */

/* Begin PBXResourcesBuildPhase section */
		A75F69EA2FCB512800A27436 /* Resources */ = {
			isa = PBXResourcesBuildPhase;
			buildActionMask = 2147483647;
			files = (
			);
			runOnlyForDeploymentPostprocessing = 0;
		};
		BB00000000000000000000A5 /* Resources */ = {
			isa = PBXResourcesBuildPhase;
			buildActionMask = 2147483647;
			files = (
			);
			runOnlyForDeploymentPostprocessing = 0;
		};
/* End PBXResourcesBuildPhase section */

/* Begin PBXSourcesBuildPhase section */
		A75F69E82FCB512800A27436 /* Sources */ = {
			isa = PBXSourcesBuildPhase;
			buildActionMask = 2147483647;
			files = (
			);
			runOnlyForDeploymentPostprocessing = 0;
		};
		BB00000000000000000000A3 /* Sources */ = {
			isa = PBXSourcesBuildPhase;
			buildActionMask = 2147483647;
			files = (
			);
			runOnlyForDeploymentPostprocessing = 0;
		};
/* End PBXSourcesBuildPhase section */

/* Begin PBXTargetDependency section */
		BB00000000000000000000AA /* PBXTargetDependency */ = {
			isa = PBXTargetDependency;
			target = A75F69EB2FCB512800A27436 /* PawSanctuary */;
			targetProxy = BB00000000000000000000AB /* PBXContainerItemProxy */;
		};
/* End PBXTargetDependency section */

/* Begin XCBuildConfiguration section */
		A75F69F52FCB512A00A27436 /* Debug */ = {
			isa = XCBuildConfiguration;
			buildSettings = {
				CLANG_WARN_BLOCK_CAPTURE_AUTORELEASING = YES;
				CLANG_WARN_BOOL_CONVERSION = YES;
				CLANG_WARN_COMMA = YES;
				CLANG_WARN_CONSTANT_CONVERSION = YES;
				CLANG_WARN_DEPRECATED_OBJC_IMPLEMENTATIONS = YES;
				CLANG_WARN_EMPTY_BODY = YES;
				CLANG_WARN_ENUM_CONVERSION = YES;
				CLANG_WARN_INFINITE_RECURSION = YES;
				CLANG_WARN_INT_CONVERSION = YES;
				CLANG_WARN_NON_LITERAL_NULL_CONVERSION = YES;
				CLANG_WARN_OBJC_IMPLICIT_RETAIN_SELF = YES;
				CLANG_WARN_OBJC_LITERAL_CONVERSION = YES;
				CLANG_WARN_QUOTED_INCLUDE_IN_FRAMEWORK_HEADER = YES;
				CLANG_WARN_RANGE_LOOP_ANALYSIS = YES;
				CLANG_WARN_STRICT_PROTOTYPES = YES;
				CLANG_WARN_SUSPICIOUS_MOVE = YES;
				CLANG_WARN_UNREACHABLE_CODE = YES;
				CLANG_WARN__DUPLICATE_METHOD_MATCH = YES;
				DEAD_CODE_STRIPPING = YES;
				DEVELOPMENT_TEAM = H2QZGDY8UN;
				ENABLE_STRICT_OBJC_MSGSEND = YES;
				ENABLE_TESTABILITY = YES;
				ENABLE_USER_SCRIPT_SANDBOXING = YES;
				GCC_NO_COMMON_BLOCKS = YES;
				GCC_WARN_64_TO_32_BIT_CONVERSION = YES;
				GCC_WARN_ABOUT_RETURN_TYPE = YES;
				GCC_WARN_UNDECLARED_SELECTOR = YES;
				GCC_WARN_UNINITIALIZED_AUTOS = YES;
				GCC_WARN_UNUSED_FUNCTION = YES;
				GCC_WARN_UNUSED_VARIABLE = YES;
				ONLY_ACTIVE_ARCH = YES;
				STRING_CATALOG_GENERATE_SYMBOLS = YES;
			};
			name = Debug;
		};
		A75F69F62FCB512A00A27436 /* Release */ = {
			isa = XCBuildConfiguration;
			buildSettings = {
				CLANG_WARN_BLOCK_CAPTURE_AUTORELEASING = YES;
				CLANG_WARN_BOOL_CONVERSION = YES;
				CLANG_WARN_COMMA = YES;
				CLANG_WARN_CONSTANT_CONVERSION = YES;
				CLANG_WARN_DEPRECATED_OBJC_IMPLEMENTATIONS = YES;
				CLANG_WARN_EMPTY_BODY = YES;
				CLANG_WARN_ENUM_CONVERSION = YES;
				CLANG_WARN_INFINITE_RECURSION = YES;
				CLANG_WARN_INT_CONVERSION = YES;
				CLANG_WARN_NON_LITERAL_NULL_CONVERSION = YES;
				CLANG_WARN_OBJC_IMPLICIT_RETAIN_SELF = YES;
				CLANG_WARN_OBJC_LITERAL_CONVERSION = YES;
				CLANG_WARN_QUOTED_INCLUDE_IN_FRAMEWORK_HEADER = YES;
				CLANG_WARN_RANGE_LOOP_ANALYSIS = YES;
				CLANG_WARN_STRICT_PROTOTYPES = YES;
				CLANG_WARN_SUSPICIOUS_MOVE = YES;
				CLANG_WARN_UNREACHABLE_CODE = YES;
				CLANG_WARN__DUPLICATE_METHOD_MATCH = YES;
				DEAD_CODE_STRIPPING = YES;
				DEVELOPMENT_TEAM = H2QZGDY8UN;
				ENABLE_STRICT_OBJC_MSGSEND = YES;
				ENABLE_USER_SCRIPT_SANDBOXING = YES;
				GCC_NO_COMMON_BLOCKS = YES;
				GCC_WARN_64_TO_32_BIT_CONVERSION = YES;
				GCC_WARN_ABOUT_RETURN_TYPE = YES;
				GCC_WARN_UNDECLARED_SELECTOR = YES;
				GCC_WARN_UNINITIALIZED_AUTOS = YES;
				GCC_WARN_UNUSED_FUNCTION = YES;
				GCC_WARN_UNUSED_VARIABLE = YES;
				STRING_CATALOG_GENERATE_SYMBOLS = YES;
				SWIFT_COMPILATION_MODE = wholemodule;
			};
			name = Release;
		};
		A75F69F82FCB512A00A27436 /* Debug */ = {
			isa = XCBuildConfiguration;
			buildSettings = {
				CLANG_ENABLE_MODULES = YES;
				CLANG_ENABLE_OBJC_WEAK = YES;
				CODE_SIGN_ENTITLEMENTS = PawSanctuary/PawSanctuary.entitlements;
				CODE_SIGN_IDENTITY = "Apple Development";
				"CODE_SIGN_IDENTITY[sdk=macosx*]" = "Apple Development";
				CODE_SIGN_STYLE = Automatic;
				DEAD_CODE_STRIPPING = YES;
				DEVELOPMENT_TEAM = H2QZGDY8UN;
				ENABLE_HARDENED_RUNTIME = YES;
				ENABLE_TESTABILITY = YES;
				GENERATE_INFOPLIST_FILE = YES;
				INFOPLIST_KEY_LSApplicationCategoryType = "public.app-category.puzzle-games";
				INFOPLIST_KEY_UIApplicationSceneManifest_Generation = YES;
				INFOPLIST_KEY_UIApplicationSupportsIndirectInputEvents = YES;
				INFOPLIST_KEY_UILaunchScreen_BackgroundColor = LaunchBackground;
				INFOPLIST_KEY_UILaunchScreen_Generation = YES;
				INFOPLIST_KEY_UILaunchScreen_ImageName = LaunchLogo;
				INFOPLIST_KEY_UISupportedInterfaceOrientations_iPad = "UIInterfaceOrientationPortrait UIInterfaceOrientationPortraitUpsideDown UIInterfaceOrientationLandscapeLeft UIInterfaceOrientationLandscapeRight";
				INFOPLIST_KEY_UISupportedInterfaceOrientations_iPhone = "UIInterfaceOrientationPortrait UIInterfaceOrientationLandscapeLeft UIInterfaceOrientationLandscapeRight";
				IPHONEOS_DEPLOYMENT_TARGET = 17.6;
				MACOSX_DEPLOYMENT_TARGET = 26.0;
				PRODUCT_BUNDLE_IDENTIFIER = com.timothyherburger.pawsanctuary1;
				PRODUCT_NAME = PawSanctuary;
				PROVISIONING_PROFILE_SPECIFIER = "";
				SUPPORTED_PLATFORMS = "iphoneos iphonesimulator macosx";
				SUPPORTS_MACCATALYST = NO;
				SWIFT_VERSION = 6.0;
				TARGETED_DEVICE_FAMILY = 1;
			};
			name = Debug;
		};
		A75F69F92FCB512A00A27436 /* Release */ = {
			isa = XCBuildConfiguration;
			buildSettings = {
				CLANG_ENABLE_MODULES = YES;
				CLANG_ENABLE_OBJC_WEAK = YES;
				CODE_SIGN_ENTITLEMENTS = PawSanctuary/PawSanctuary.entitlements;
				CODE_SIGN_IDENTITY = "Apple Development";
				CODE_SIGN_STYLE = Automatic;
				DEAD_CODE_STRIPPING = YES;
				DEVELOPMENT_TEAM = H2QZGDY8UN;
				ENABLE_HARDENED_RUNTIME = YES;
				GENERATE_INFOPLIST_FILE = YES;
				INFOPLIST_KEY_LSApplicationCategoryType = "public.app-category.puzzle-games";
				INFOPLIST_KEY_UIApplicationSceneManifest_Generation = YES;
				INFOPLIST_KEY_UIApplicationSupportsIndirectInputEvents = YES;
				INFOPLIST_KEY_UILaunchScreen_BackgroundColor = LaunchBackground;
				INFOPLIST_KEY_UILaunchScreen_Generation = YES;
				INFOPLIST_KEY_UILaunchScreen_ImageName = LaunchLogo;
				INFOPLIST_KEY_UISupportedInterfaceOrientations_iPad = "UIInterfaceOrientationPortrait UIInterfaceOrientationPortraitUpsideDown UIInterfaceOrientationLandscapeLeft UIInterfaceOrientationLandscapeRight";
				INFOPLIST_KEY_UISupportedInterfaceOrientations_iPhone = "UIInterfaceOrientationPortrait UIInterfaceOrientationLandscapeLeft UIInterfaceOrientationLandscapeRight";
				IPHONEOS_DEPLOYMENT_TARGET = 17.6;
				MACOSX_DEPLOYMENT_TARGET = 26.0;
				PRODUCT_BUNDLE_IDENTIFIER = com.timothyherburger.pawsanctuary;
				"PRODUCT_BUNDLE_IDENTIFIER[sdk=iphoneos*]" = com.timothyherburger.pawsanctuary1;
				"PRODUCT_BUNDLE_IDENTIFIER[sdk=macosx*]" = com.timothyherburger.pawsanctuary1;
				PRODUCT_NAME = PawSanctuary;
				PROVISIONING_PROFILE_SPECIFIER = "";
				SUPPORTED_PLATFORMS = "iphoneos iphonesimulator macosx";
				SUPPORTS_MACCATALYST = NO;
				SWIFT_VERSION = 6.0;
				TARGETED_DEVICE_FAMILY = 1;
			};
			name = Release;
		};
		BB00000000000000000000A8 /* Debug */ = {
			isa = XCBuildConfiguration;
			buildSettings = {
				BUNDLE_LOADER = "$(TEST_HOST)";
				CLANG_ENABLE_OBJC_WEAK = YES;
				CODE_SIGN_STYLE = Automatic;
				DEVELOPMENT_TEAM = H2QZGDY8UN;
				GENERATE_INFOPLIST_FILE = YES;
				IPHONEOS_DEPLOYMENT_TARGET = 17.6;
				PRODUCT_BUNDLE_IDENTIFIER = com.timothyherburger.pawsanctuaryTests;
				PRODUCT_NAME = "$(TARGET_NAME)";
				SDKROOT = iphoneos;
				SUPPORTED_PLATFORMS = "iphoneos iphonesimulator";
				SWIFT_VERSION = 6.0;
				TARGETED_DEVICE_FAMILY = 1;
				TEST_HOST = "$(BUILT_PRODUCTS_DIR)/PawSanctuary.app/$(BUNDLE_EXECUTABLE_FOLDER_PATH)/PawSanctuary";
			};
			name = Debug;
		};
		BB00000000000000000000A9 /* Release */ = {
			isa = XCBuildConfiguration;
			buildSettings = {
				BUNDLE_LOADER = "$(TEST_HOST)";
				CLANG_ENABLE_OBJC_WEAK = YES;
				CODE_SIGN_STYLE = Automatic;
				DEVELOPMENT_TEAM = H2QZGDY8UN;
				GENERATE_INFOPLIST_FILE = YES;
				IPHONEOS_DEPLOYMENT_TARGET = 17.6;
				PRODUCT_BUNDLE_IDENTIFIER = com.timothyherburger.pawsanctuaryTests;
				PRODUCT_NAME = "$(TARGET_NAME)";
				SDKROOT = iphoneos;
				SUPPORTED_PLATFORMS = "iphoneos iphonesimulator";
				SWIFT_VERSION = 6.0;
				TARGETED_DEVICE_FAMILY = 1;
				TEST_HOST = "$(BUILT_PRODUCTS_DIR)/PawSanctuary.app/$(BUNDLE_EXECUTABLE_FOLDER_PATH)/PawSanctuary";
			};
			name = Release;
		};
/* End XCBuildConfiguration section */

/* Begin XCConfigurationList section */
		A75F69E72FCB512800A27436 /* Build configuration list for PBXProject "PawSanctuary" */ = {
			isa = XCConfigurationList;
			buildConfigurations = (
				A75F69F52FCB512A00A27436 /* Debug */,
				A75F69F62FCB512A00A27436 /* Release */,
			);
			defaultConfigurationIsVisible = 0;
			defaultConfigurationName = Release;
		};
		A75F69F72FCB512A00A27436 /* Build configuration list for PBXNativeTarget "PawSanctuary" */ = {
			isa = XCConfigurationList;
			buildConfigurations = (
				A75F69F82FCB512A00A27436 /* Debug */,
				A75F69F92FCB512A00A27436 /* Release */,
			);
			defaultConfigurationIsVisible = 0;
			defaultConfigurationName = Release;
		};
		BB00000000000000000000A7 /* Build configuration list for PBXNativeTarget "PawSanctuaryTests" */ = {
			isa = XCConfigurationList;
			buildConfigurations = (
				BB00000000000000000000A8 /* Debug */,
				BB00000000000000000000A9 /* Release */,
			);
			defaultConfigurationIsVisible = 0;
			defaultConfigurationName = Release;
		};
/* End XCConfigurationList section */
	};
	rootObject = A75F69E42FCB512800A27436 /* Project object */;
}
